// !$*UTF8*$!
{
	archiveVersion = 1;
	classes = {
	};
	objectVersion = 55;
	objects = {

/* Begin PBXBuildFile section */
		365D9A4C27661BF10007959C /* AppDelegate.swift in Sources */ = {isa = PBXBuildFile; fileRef = 365D9A4B27661BF10007959C /* AppDelegate.swift */; };
		365D9A4E27661BF20007959C /* SceneDelegate.swift in Sources */ = {isa = PBXBuildFile; fileRef = 365D9A4D27661BF20007959C /* SceneDelegate.swift */; };
		365D9A5027661BF20007959C /* ViewController.swift in Sources */ = {isa = PBXBuildFile; fileRef = 365D9A4F27661BF20007959C /* ViewController.swift */; };
		365D9A5327661BF20007959C /* Main.storyboard in Resources */ = {isa = PBXBuildFile; fileRef = 365D9A5127661BF20007959C /* Main.storyboard */; };
		365D9A5527661BFB0007959C /* Assets.xcassets in Resources */ = {isa = PBXBuildFile; fileRef = 365D9A5427661BFB0007959C /* Assets.xcassets */; };
		365D9A5827661BFB0007959C /* LaunchScreen.storyboard in Resources */ = {isa = PBXBuildFile; fileRef = 365D9A5627661BFB0007959C /* LaunchScreen.storyboard */; };
		365D9A6027661D380007959C /* start.txt in Resources */ = {isa = PBXBuildFile; fileRef = 365D9A5F27661D380007959C /* start.txt */; };
		365D9A6927664FE80007959C /* scr002.png in Resources */ = {isa = PBXBuildFile; fileRef = 365D9A6427664FE70007959C /* scr002.png */; };
		365D9A6A27664FE80007959C /* scr003.png in Resources */ = {isa = PBXBuildFile; fileRef = 365D9A6527664FE70007959C /* scr003.png */; };
		365D9A6B27664FE80007959C /* scr001.png in Resources */ = {isa = PBXBuildFile; fileRef = 365D9A6627664FE70007959C /* scr001.png */; };
		365D9A6C27664FE80007959C /* scr004.png in Resources */ = {isa = PBXBuildFile; fileRef = 365D9A6727664FE70007959C /* scr004.png */; };
		365D9A6D27664FE80007959C /* scr005.png in Resources */ = {isa = PBXBuildFile; fileRef = 365D9A6827664FE70007959C /* scr005.png */; };
/* End PBXBuildFile section */

/* Begin PBXFileReference section */
		365D9A4827661BF10007959C /* WordScramble.app */ = {isa = PBXFileReference; explicitFileType = wrapper.application; includeInIndex = 0; path = WordScramble.app; sourceTree = BUILT_PRODUCTS_DIR; };
		365D9A4B27661BF10007959C /* AppDelegate.swift */ = {isa = PBXFileReference; lastKnownFileType = sourcecode.swift; path = AppDelegate.swift; sourceTree = "<group>"; };
		365D9A4D27661BF20007959C /* SceneDelegate.swift */ = {isa = PBXFileReference; lastKnownFileType = sourcecode.swift; path = SceneDelegate.swift; sourceTree = "<group>"; };
		365D9A4F27661BF20007959C /* ViewController.swift */ = {isa = PBXFileReference; lastKnownFileType = sourcecode.swift; path = ViewController.swift; sourceTree = "<group>"; };
		365D9A5227661BF20007959C /* Base */ = {isa = PBXFileReference; lastKnownFileType = file.storyboard; name = Base; path = Base.lproj/Main.storyboard; sourceTree = "<group>"; };
		365D9A5427661BFB0007959C /* Assets.xcassets */ = {isa = PBXFileReference; lastKnownFileType = folder.assetcatalog; path = Assets.xcassets; sourceTree = "<group>"; };
		365D9A5727661BFB0007959C /* Base */ = {isa = PBXFileReference; lastKnownFileType = file.storyboard; name = Base; path = Base.lproj/LaunchScreen.storyboard; sourceTree = "<group>"; };
		365D9A5927661BFB0007959C /* Info.plist */ = {isa = PBXFileReference; lastKnownFileType = text.plist.xml; path = Info.plist; sourceTree = "<group>"; };
		365D9A5F27661D380007959C /* start.txt */ = {isa = PBXFileReference; fileEncoding = 4; lastKnownFileType = text; path = start.txt; sourceTree = "<group>"; };
		365D9A6427664FE70007959C /* scr002.png */ = {isa = PBXFileReference; lastKnownFileType = image.png; path = scr002.png; sourceTree = "<group>"; };
		365D9A6527664FE70007959C /* scr003.png */ = {isa = PBXFileReference; lastKnownFileType = image.png; path = scr003.png; sourceTree = "<group>"; };
		365D9A6627664FE70007959C /* scr001.png */ = {isa = PBXFileReference; lastKnownFileType = image.png; path = scr001.png; sourceTree = "<group>"; };
		365D9A6727664FE70007959C /* scr004.png */ = {isa = PBXFileReference; lastKnownFileType = image.png; path = scr004.png; sourceTree = "<group>"; };
		365D9A6827664FE70007959C /* scr005.png */ = {isa = PBXFileReference; lastKnownFileType = image.png; path = scr005.png; sourceTree = "<group>"; };
/* End PBXFileReference section */

/* Begin PBXFrameworksBuildPhase section */
		365D9A4527661BF10007959C /* Frameworks */ = {
			isa = PBXFrameworksBuildPhase;
			buildActionMask = 2147483647;
			files = (
			);
			runOnlyForDeploymentPostprocessing = 0;
		};
/* End PBXFrameworksBuildPhase section */

/* Begin PBXGroup section */
		365D9A3F27661BF10007959C = {
			isa = PBXGroup;
			children = (
				365D9A4A27661BF10007959C /* Word Scramble */,
				365D9A4927661BF10007959C /* Products */,
			);
			sourceTree = "<group>";
		};
		365D9A4927661BF10007959C /* Products */ = {
			isa = PBXGroup;
			children = (
				365D9A4827661BF10007959C /* WordScramble.app */,
			);
			name = Products;
			sourceTree = "<group>";
		};
		365D9A4A27661BF10007959C /* Word Scramble */ = {
			isa = PBXGroup;
			children = (
				365D9A4B27661BF10007959C /* AppDelegate.swift */,
				365D9A4D27661BF20007959C /* SceneDelegate.swift */,
				365D9A5F27661D380007959C /* start.txt */,
				365D9A4F27661BF20007959C /* ViewController.swift */,
				365D9A5127661BF20007959C /* Main.storyboard */,
				365D9A5427661BFB0007959C /* Assets.xcassets */,
				365D9A5627661BFB0007959C /* LaunchScreen.storyboard */,
				365D9A5927661BFB0007959C /* Info.plist */,
				365D9A6327664FE70007959C /* Screenshots */,
			);
			path = "Word Scramble";
			sourceTree = "<group>";
		};
		365D9A6327664FE70007959C /* Screenshots */ = {
			isa = PBXGroup;
			children = (
				365D9A6427664FE70007959C /* scr002.png */,
				365D9A6527664FE70007959C /* scr003.png */,
				365D9A6627664FE70007959C /* scr001.png */,
				365D9A6727664FE70007959C /* scr004.png */,
				365D9A6827664FE70007959C /* scr005.png */,
			);
			path = Screenshots;
			sourceTree = "<group>";
		};
/* End PBXGroup section */

/* Begin PBXNativeTarget section */
		365D9A4727661BF10007959C /* WordScramble */ = {
			isa = PBXNativeTarget;
			buildConfigurationList = 365D9A5C27661BFB0007959C /* Build configuration list for PBXNativeTarget "WordScramble" */;
			buildPhases = (
				365D9A4427661BF10007959C /* Sources */,
				365D9A4527661BF10007959C /* Frameworks */,
				365D9A4627661BF10007959C /* Resources */,
			);
			buildRules = (
			);
			dependencies = (
			);
			name = WordScramble;
			productName = Project5_HackingWithSwift;
			productReference = 365D9A4827661BF10007959C /* WordScramble.app */;
			productType = "com.apple.product-type.application";
		};
/* End PBXNativeTarget section */

/* Begin PBXProject section */
		365D9A4027661BF10007959C /* Project object */ = {
			isa = PBXProject;
			attributes = {
				BuildIndependentTargetsInParallel = 1;
				LastSwiftUpdateCheck = 1310;
				LastUpgradeCheck = 1310;
				TargetAttributes = {
					365D9A4727661BF10007959C = {
						CreatedOnToolsVersion = 13.1;
					};
				};
			};
			buildConfigurationList = 365D9A4327661BF10007959C /* Build configuration list for PBXProject "WordScramble" */;
			compatibilityVersion = "Xcode 13.0";
			developmentRegion = en;
			hasScannedForEncodings = 0;
			knownRegions = (
				en,
				Base,
			);
			mainGroup = 365D9A3F27661BF10007959C;
			productRefGroup = 365D9A4927661BF10007959C /* Products */;
			projectDirPath = "";
			projectRoot = "";
			targets = (
				365D9A4727661BF10007959C /* WordScramble */,
			);
		};
/* End PBXProject section */

/* Begin PBXResourcesBuildPhase section */
		365D9A4627661BF10007959C /* Resources */ = {
			isa = PBXResourcesBuildPhase;
			buildActionMask = 2147483647;
			files = (
				365D9A5827661BFB0007959C /* LaunchScreen.storyboard in Resources */,
				365D9A6C27664FE80007959C /* scr004.png in Resources */,
				365D9A6D27664FE80007959C /* scr005.png in Resources */,
				365D9A6927664FE80007959C /* scr002.png in Resources */,
				365D9A6027661D380007959C /* start.txt in Resources */,
				365D9A5527661BFB0007959C /* Assets.xcassets in Resources */,
				365D9A6A27664FE80007959C /* scr003.png in Resources */,
				365D9A5327661BF20007959C /* Main.storyboard in Resources */,
				365D9A6B27664FE80007959C /* scr001.png in Resources */,
			);
			runOnlyForDeploymentPostprocessing = 0;
		};
/* End PBXResourcesBuildPhase section */

/* Begin PBXSourcesBuildPhase section */
		365D9A4427661BF10007959C /* Sources */ = {
			isa = PBXSourcesBuildPhase;
			buildActionMask = 2147483647;
			files = (
				365D9A5027661BF20007959C /* ViewController.swift in Sources */,
				365D9A4C27661BF10007959C /* AppDelegate.swift in Sources */,
				365D9A4E27661BF20007959C /* SceneDelegate.swift in Sources */,
			);
			runOnlyForDeploymentPostprocessing = 0;
		};
/* End PBXSourcesBuildPhase section */

/* Begin PBXVariantGroup section */
		365D9A5127661BF20007959C /* Main.storyboard */ = {
			isa = PBXVariantGroup;
			children = (
				365D9A5227661BF20007959C /* Base */,
			);
			name = Main.storyboard;
			sourceTree = "<group>";
		};
		365D9A5627661BFB0007959C /* LaunchScreen.storyboard */ = {
			isa = PBXVariantGroup;
			children = (
				365D9A5727661BFB0007959C /* Base */,
			);
			name = LaunchScreen.storyboard;
			sourceTree = "<group>";
		};
/* End PBXVariantGroup section */

/* Begin XCBuildConfiguration section */
		365D9A5A27661BFB0007959C /* Debug */ = {
			isa = XCBuildConfiguration;
			buildSettings = {
				ALWAYS_SEARCH_USER_PATHS = NO;
				CLANG_ANALYZER_NONNULL = YES;
				CLANG_ANALYZER_NUMBER_OBJECT_CONVERSION = YES_AGGRESSIVE;
				CLANG_CXX_LANGUAGE_STANDARD = "gnu++17";
				CLANG_CXX_LIBRARY = "libc++";
				CLANG_ENABLE_MODULES = YES;
				CLANG_ENABLE_OBJC_ARC = YES;
				CLANG_ENABLE_OBJC_WEAK = YES;
				CLANG_WARN_BLOCK_CAPTURE_AUTORELEASING = YES;
				CLANG_WARN_BOOL_CONVERSION = YES;
				CLANG_WARN_COMMA = YES;
				CLANG_WARN_CONSTANT_CONVERSION = YES;
				CLANG_WARN_DEPRECATED_OBJC_IMPLEMENTATIONS = YES;
				CLANG_WARN_DIRECT_OBJC_ISA_USAGE = YES_ERROR;
				CLANG_WARN_DOCUMENTATION_COMMENTS = YES;
				CLANG_WARN_EMPTY_BODY = YES;
				CLANG_WARN_ENUM_CONVERSION = YES;
				CLANG_WARN_INFINITE_RECURSION = YES;
				CLANG_WARN_INT_CONVERSION = YES;
				CLANG_WARN_NON_LITERAL_NULL_CONVERSION = YES;
				CLANG_WARN_OBJC_IMPLICIT_RETAIN_SELF = YES;
				CLANG_WARN_OBJC_LITERAL_CONVERSION = YES;
				CLANG_WARN_OBJC_ROOT_CLASS = YES_ERROR;
				CLANG_WARN_QUOTED_INCLUDE_IN_FRAMEWORK_HEADER = YES;
				CLANG_WARN_RANGE_LOOP_ANALYSIS = YES;
				CLANG_WARN_STRICT_PROTOTYPES = YES;
				CLANG_WARN_SUSPICIOUS_MOVE = YES;
				CLANG_WARN_UNGUARDED_AVAILABILITY = YES_AGGRESSIVE;
				CLANG_WARN_UNREACHABLE_CODE = YES;
				CLANG_WARN__DUPLICATE_METHOD_MATCH = YES;
				COPY_PHASE_STRIP = NO;
				DEBUG_INFORMATION_FORMAT = dwarf;
				ENABLE_STRICT_OBJC_MSGSEND = YES;
				ENABLE_TESTABILITY = YES;
				GCC_C_LANGUAGE_STANDARD = gnu11;
				GCC_DYNAMIC_NO_PIC = NO;
				GCC_NO_COMMON_BLOCKS = YES;
				GCC_OPTIMIZATION_LEVEL = 0;
				GCC_PREPROCESSOR_DEFINITIONS = (
					"DEBUG=1",
					"$(inherited)",
				);
				GCC_WARN_64_TO_32_BIT_CONVERSION = YES;
				GCC_WARN_ABOUT_RETURN_TYPE = YES_ERROR;
				GCC_WARN_UNDECLARED_SELECTOR = YES;
				GCC_WARN_UNINITIALIZED_AUTOS = YES_AGGRESSIVE;
				GCC_WARN_UNUSED_FUNCTION = YES;
				GCC_WARN_UNUSED_VARIABLE = YES;
				IPHONEOS_DEPLOYMENT_TARGET = 15.0;
				MTL_ENABLE_DEBUG_INFO = INCLUDE_SOURCE;
				MTL_FAST_MATH = YES;
				ONLY_ACTIVE_ARCH = YES;
				SDKROOT = iphoneos;
				SWIFT_ACTIVE_COMPILATION_CONDITIONS = DEBUG;
				SWIFT_OPTIMIZATION_LEVEL = "-Onone";
			};
			name = Debug;
		};
		365D9A5B27661BFB0007959C /* Release */ = {
			isa = XCBuildConfiguration;
			buildSettings = {
				ALWAYS_SEARCH_USER_PATHS = NO;
				CLANG_ANALYZER_NONNULL = YES;
				CLANG_ANALYZER_NUMBER_OBJECT_CONVERSION = YES_AGGRESSIVE;
				CLANG_CXX_LANGUAGE_STANDARD = "gnu++17";
				CLANG_CXX_LIBRARY = "libc++";
				CLANG_ENABLE_MODULES = YES;
				CLANG_ENABLE_OBJC_ARC = YES;
				CLANG_ENABLE_OBJC_WEAK = YES;
				CLANG_WARN_BLOCK_CAPTURE_AUTORELEASING = YES;
				CLANG_WARN_BOOL_CONVERSION = YES;
				CLANG_WARN_COMMA = YES;
				CLANG_WARN_CONSTANT_CONVERSION = YES;
				CLANG_WARN_DEPRECATED_OBJC_IMPLEMENTATIONS = YES;
				CLANG_WARN_DIRECT_OBJC_ISA_USAGE = YES_ERROR;
				CLANG_WARN_DOCUMENTATION_COMMENTS = YES;
				CLANG_WARN_EMPTY_BODY = YES;
				CLANG_WARN_ENUM_CONVERSION = YES;
				CLANG_WARN_INFINITE_RECURSION = YES;
				CLANG_WARN_INT_CONVERSION = YES;
				CLANG_WARN_NON_LITERAL_NULL_CONVERSION = YES;
				CLANG_WARN_OBJC_IMPLICIT_RETAIN_SELF = YES;
				CLANG_WARN_OBJC_LITERAL_CONVERSION = YES;
				CLANG_WARN_OBJC_ROOT_CLASS = YES_ERROR;
				CLANG_WARN_QUOTED_INCLUDE_IN_FRAMEWORK_HEADER = YES;
				CLANG_WARN_RANGE_LOOP_ANALYSIS = YES;
				CLANG_WARN_STRICT_PROTOTYPES = YES;
				CLANG_WARN_SUSPICIOUS_MOVE = YES;
				CLANG_WARN_UNGUARDED_AVAILABILITY = YES_AGGRESSIVE;
				CLANG_WARN_UNREACHABLE_CODE = YES;
				CLANG_WARN__DUPLICATE_METHOD_MATCH = YES;
				COPY_PHASE_STRIP = NO;
				DEBUG_INFORMATION_FORMAT = "dwarf-with-dsym";
				ENABLE_NS_ASSERTIONS = NO;
				ENABLE_STRICT_OBJC_MSGSEND = YES;
				GCC_C_LANGUAGE_STANDARD = gnu11;
				GCC_NO_COMMON_BLOCKS = YES;
				GCC_WARN_64_TO_32_BIT_CONVERSION = YES;
				GCC_WARN_ABOUT_RETURN_TYPE = YES_ERROR;
				GCC_WARN_UNDECLARED_SELECTOR = YES;
				GCC_WARN_UNINITIALIZED_AUTOS = YES_AGGRESSIVE;
				GCC_WARN_UNUSED_FUNCTION = YES;
				GCC_WARN_UNUSED_VARIABLE = YES;
				IPHONEOS_DEPLOYMENT_TARGET = 15.0;
				MTL_ENABLE_DEBUG_INFO = NO;
				MTL_FAST_MATH = YES;
				SDKROOT = iphoneos;
				SWIFT_COMPILATION_MODE = wholemodule;
				SWIFT_OPTIMIZATION_LEVEL = "-O";
				VALIDATE_PRODUCT = YES;
			};
			name = Release;
		};
		365D9A5D27661BFB0007959C /* Debug */ = {
			isa = XCBuildConfiguration;
			buildSettings = {
				ASSETCATALOG_COMPILER_APPICON_NAME = AppIcon;
				ASSETCATALOG_COMPILER_GLOBAL_ACCENT_COLOR_NAME = AccentColor;
				CODE_SIGN_STYLE = Automatic;
				CURRENT_PROJECT_VERSION = 1;
				DEVELOPMENT_TEAM = CJ7JF497NG;
				GENERATE_INFOPLIST_FILE = YES;
				INFOPLIST_FILE = "Word Scramble/Info.plist";
				INFOPLIST_KEY_CFBundleDisplayName = "Word Scramble";
				INFOPLIST_KEY_UIApplicationSupportsIndirectInputEvents = YES;
				INFOPLIST_KEY_UILaunchStoryboardName = LaunchScreen;
				INFOPLIST_KEY_UIMainStoryboardFile = Main;
				INFOPLIST_KEY_UISupportedInterfaceOrientations_iPad = "UIInterfaceOrientationPortrait UIInterfaceOrientationPortraitUpsideDown UIInterfaceOrientationLandscapeLeft UIInterfaceOrientationLandscapeRight";
				INFOPLIST_KEY_UISupportedInterfaceOrientations_iPhone = "UIInterfaceOrientationPortrait UIInterfaceOrientationLandscapeLeft UIInterfaceOrientationLandscapeRight";
				LD_RUNPATH_SEARCH_PATHS = (
					"$(inherited)",
					"@executable_path/Frameworks",
				);
				MARKETING_VERSION = 1.0;
				PRODUCT_BUNDLE_IDENTIFIER = "com.example.Word-Scramble";
				PRODUCT_NAME = "$(TARGET_NAME)";
				SWIFT_EMIT_LOC_STRINGS = YES;
				SWIFT_VERSION = 5.0;
				TARGETED_DEVICE_FAMILY = "1,2";
			};
			name = Debug;
		};
		365D9A5E27661BFB0007959C /* Release */ = {
			isa = XCBuildConfiguration;
			buildSettings = {
				ASSETCATALOG_COMPILER_APPICON_NAME = AppIcon;
				ASSETCATALOG_COMPILER_GLOBAL_ACCENT_COLOR_NAME = AccentColor;
				CODE_SIGN_STYLE = Automatic;
				CURRENT_PROJECT_VERSION = 1;
				DEVELOPMENT_TEAM = CJ7JF497NG;
				GENERATE_INFOPLIST_FILE = YES;
				INFOPLIST_FILE = "Word Scramble/Info.plist";
				INFOPLIST_KEY_CFBundleDisplayName = "Word Scramble";
				INFOPLIST_KEY_UIApplicationSupportsIndirectInputEvents = YES;
				INFOPLIST_KEY_UILaunchStoryboardName = LaunchScreen;
				INFOPLIST_KEY_UIMainStoryboardFile = Main;
				INFOPLIST_KEY_UISupportedInterfaceOrientations_iPad = "UIInterfaceOrientationPortrait UIInterfaceOrientationPortraitUpsideDown UIInterfaceOrientationLandscapeLeft UIInterfaceOrientationLandscapeRight";
				INFOPLIST_KEY_UISupportedInterfaceOrientations_iPhone = "UIInterfaceOrientationPortrait UIInterfaceOrientationLandscapeLeft UIInterfaceOrientationLandscapeRight";
				LD_RUNPATH_SEARCH_PATHS = (
					"$(inherited)",
					"@executable_path/Frameworks",
				);
				MARKETING_VERSION = 1.0;
				PRODUCT_BUNDLE_IDENTIFIER = "com.example.Word-Scramble";
				PRODUCT_NAME = "$(TARGET_NAME)";
				SWIFT_EMIT_LOC_STRINGS = YES;
				SWIFT_VERSION = 5.0;
				TARGETED_DEVICE_FAMILY = "1,2";
			};
			name = Release;
		};
/* End XCBuildConfiguration section */

/* Begin XCConfigurationList section */
		365D9A4327661BF10007959C /* Build configuration list for PBXProject "WordScramble" */ = {
			isa = XCConfigurationList;
			buildConfigurations = (
				365D9A5A27661BFB0007959C /* Debug */,
				365D9A5B27661BFB0007959C /* Release */,
			);
			defaultConfigurationIsVisible = 0;
			defaultConfigurationName = Release;
		};
		365D9A5C27661BFB0007959C /* Build configuration list for PBXNativeTarget "WordScramble" */ = {
			isa = XCConfigurationList;
			buildConfigurations = (
				365D9A5D27661BFB0007959C /* Debug */,
				365D9A5E27661BFB0007959C /* Release */,
			);
			defaultConfigurationIsVisible = 0;
			defaultConfigurationName = Release;
		};
/* End XCConfigurationList section */
	};
	rootObject = 365D9A4027661BF10007959C /* Project object */;
}
